// !$*UTF8*$!
{
	archiveVersion = 1;
	classes = {
	};
	objectVersion = 46;
	objects = {

/* Begin PBXBuildFile section */
		CE6F3E841B5C85E700D387C3 /* main.m in Sources */ = {isa = PBXBuildFile; fileRef = CE6F3E831B5C85E700D387C3 /* main.m */; };
		CE6F3E871B5C85E700D387C3 /* AppDelegate.m in Sources */ = {isa = PBXBuildFile; fileRef = CE6F3E861B5C85E700D387C3 /* AppDelegate.m */; };
		CE6F3E8A1B5C85E700D387C3 /* ViewController.m in Sources */ = {isa = PBXBuildFile; fileRef = CE6F3E891B5C85E700D387C3 /* ViewController.m */; };
		CE6F3E8D1B5C85E700D387C3 /* Main.storyboard in Resources */ = {isa = PBXBuildFile; fileRef = CE6F3E8B1B5C85E700D387C3 /* Main.storyboard */; };
		CE6F3E8F1B5C85E700D387C3 /* Images.xcassets in Resources */ = {isa = PBXBuildFile; fileRef = CE6F3E8E1B5C85E700D387C3 /* Images.xcassets */; };
		CE6F3E921B5C85E700D387C3 /* LaunchScreen.xib in Resources */ = {isa = PBXBuildFile; fileRef = CE6F3E901B5C85E700D387C3 /* LaunchScreen.xib */; };
		CE6F3E9E1B5C85E700D387C3 /* DJBookReaderTests.m in Sources */ = {isa = PBXBuildFile; fileRef = CE6F3E9D1B5C85E700D387C3 /* DJBookReaderTests.m */; };
		CE6F3EA91B5C89CF00D387C3 /* BookCell.m in Sources */ = {isa = PBXBuildFile; fileRef = CE6F3EA81B5C89CF00D387C3 /* BookCell.m */; };
		CE6F3EBC1B5C8FCC00D387C3 /* aizaixianjingderizi.jpeg in Resources */ = {isa = PBXBuildFile; fileRef = CE6F3EAB1B5C8FCC00D387C3 /* aizaixianjingderizi.jpeg */; };
		CE6F3EBD1B5C8FCC00D387C3 /* anshizhangda.jpeg in Resources */ = {isa = PBXBuildFile; fileRef = CE6F3EAC1B5C8FCC00D387C3 /* anshizhangda.jpeg */; };
		CE6F3EBE1B5C8FCC00D387C3 /* bubizhidaowoshishui.jpeg in Resources */ = {isa = PBXBuildFile; fileRef = CE6F3EAD1B5C8FCC00D387C3 /* bubizhidaowoshishui.jpeg */; };
		CE6F3EBF1B5C8FCC00D387C3 /* dangnigudannihuixiangqishui.jpeg in Resources */ = {isa = PBXBuildFile; fileRef = CE6F3EAE1B5C8FCC00D387C3 /* dangnigudannihuixiangqishui.jpeg */; };
		CE6F3EC01B5C8FCC00D387C3 /* hudielaiguozheshijie.jpeg in Resources */ = {isa = PBXBuildFile; fileRef = CE6F3EAF1B5C8FCC00D387C3 /* hudielaiguozheshijie.jpeg */; };
		CE6F3EC11B5C8FCC00D387C3 /* liaiyigeIDdejuli.jpeg in Resources */ = {isa = PBXBuildFile; fileRef = CE6F3EB01B5C8FCC00D387C3 /* liaiyigeIDdejuli.jpeg */; };
		CE6F3EC21B5C8FCC00D387C3 /* shalou.jpeg in Resources */ = {isa = PBXBuildFile; fileRef = CE6F3EB11B5C8FCC00D387C3 /* shalou.jpeg */; };
		CE6F3EC31B5C8FCC00D387C3 /* shinian.jpeg in Resources */ = {isa = PBXBuildFile; fileRef = CE6F3EB21B5C8FCC00D387C3 /* shinian.jpeg */; };
		CE6F3EC41B5C8FCC00D387C3 /* tangyi.jpeg in Resources */ = {isa = PBXBuildFile; fileRef = CE6F3EB31B5C8FCC00D387C3 /* tangyi.jpeg */; };
		CE6F3EC51B5C8FCC00D387C3 /* tiaopin.jpeg in Resources */ = {isa = PBXBuildFile; fileRef = CE6F3EB41B5C8FCC00D387C3 /* tiaopin.jpeg */; };
		CE6F3EC61B5C8FCC00D387C3 /* wobushinideyuanjia.jpeg in Resources */ = {isa = PBXBuildFile; fileRef = CE6F3EB51B5C8FCC00D387C3 /* wobushinideyuanjia.jpeg */; };
		CE6F3EC71B5C8FCC00D387C3 /* woyaowomenzaiyiqi.jpeg in Resources */ = {isa = PBXBuildFile; fileRef = CE6F3EB61B5C8FCC00D387C3 /* woyaowomenzaiyiqi.jpeg */; };
		CE6F3EC81B5C8FCC00D387C3 /* xiaofudequnbai.jpeg in Resources */ = {isa = PBXBuildFile; fileRef = CE6F3EB71B5C8FCC00D387C3 /* xiaofudequnbai.jpeg */; };
		CE6F3EC91B5C8FCC00D387C3 /* xiaoyaodejinsechengbao.jpeg in Resources */ = {isa = PBXBuildFile; fileRef = CE6F3EB81B5C8FCC00D387C3 /* xiaoyaodejinsechengbao.jpeg */; };
		CE6F3ECA1B5C8FCC00D387C3 /* zuishuxidemoshengren.jpeg in Resources */ = {isa = PBXBuildFile; fileRef = CE6F3EB91B5C8FCC00D387C3 /* zuishuxidemoshengren.jpeg */; };
		CE6F3ECB1B5C8FCC00D387C3 /* zuoer.jpg in Resources */ = {isa = PBXBuildFile; fileRef = CE6F3EBA1B5C8FCC00D387C3 /* zuoer.jpg */; };
		CE6F3ECC1B5C8FCC00D387C3 /* zuoerzhongjie.jpeg in Resources */ = {isa = PBXBuildFile; fileRef = CE6F3EBB1B5C8FCC00D387C3 /* zuoerzhongjie.jpeg */; };
		CE6F3EE21B5CA2C100D387C3 /* aizaixianjingderizi.txt in Resources */ = {isa = PBXBuildFile; fileRef = CE6F3ED11B5CA2C100D387C3 /* aizaixianjingderizi.txt */; };
		CE6F3EE31B5CA2C100D387C3 /* anshizhangda.txt in Resources */ = {isa = PBXBuildFile; fileRef = CE6F3ED21B5CA2C100D387C3 /* anshizhangda.txt */; };
		CE6F3EE41B5CA2C100D387C3 /* bubizhidaowoshishui.txt in Resources */ = {isa = PBXBuildFile; fileRef = CE6F3ED31B5CA2C100D387C3 /* bubizhidaowoshishui.txt */; };
		CE6F3EE51B5CA2C100D387C3 /* dangnigudannihuixiangqishui.txt in Resources */ = {isa = PBXBuildFile; fileRef = CE6F3ED41B5CA2C100D387C3 /* dangnigudannihuixiangqishui.txt */; };
		CE6F3EE61B5CA2C100D387C3 /* hudielaiguozheshijie.txt in Resources */ = {isa = PBXBuildFile; fileRef = CE6F3ED51B5CA2C100D387C3 /* hudielaiguozheshijie.txt */; };
		CE6F3EE71B5CA2C100D387C3 /* liaiyigeIDdejuli.txt in Resources */ = {isa = PBXBuildFile; fileRef = CE6F3ED61B5CA2C100D387C3 /* liaiyigeIDdejuli.txt */; };
		CE6F3EE81B5CA2C100D387C3 /* shalou.txt in Resources */ = {isa = PBXBuildFile; fileRef = CE6F3ED71B5CA2C100D387C3 /* shalou.txt */; };
		CE6F3EE91B5CA2C100D387C3 /* shinian.txt in Resources */ = {isa = PBXBuildFile; fileRef = CE6F3ED81B5CA2C100D387C3 /* shinian.txt */; };
		CE6F3EEA1B5CA2C100D387C3 /* tangyi.txt in Resources */ = {isa = PBXBuildFile; fileRef = CE6F3ED91B5CA2C100D387C3 /* tangyi.txt */; };
		CE6F3EEB1B5CA2C100D387C3 /* tiaopin.txt in Resources */ = {isa = PBXBuildFile; fileRef = CE6F3EDA1B5CA2C100D387C3 /* tiaopin.txt */; };
		CE6F3EEC1B5CA2C100D387C3 /* wobushinideyuanjia.txt in Resources */ = {isa = PBXBuildFile; fileRef = CE6F3EDB1B5CA2C100D387C3 /* wobushinideyuanjia.txt */; };
		CE6F3EED1B5CA2C100D387C3 /* woyaowomenzaiyiqi.txt in Resources */ = {isa = PBXBuildFile; fileRef = CE6F3EDC1B5CA2C100D387C3 /* woyaowomenzaiyiqi.txt */; };
		CE6F3EEE1B5CA2C100D387C3 /* xiaofudequnbai.txt in Resources */ = {isa = PBXBuildFile; fileRef = CE6F3EDD1B5CA2C100D387C3 /* xiaofudequnbai.txt */; };
		CE6F3EEF1B5CA2C100D387C3 /* xiaoyaodejinsechengbao.txt in Resources */ = {isa = PBXBuildFile; fileRef = CE6F3EDE1B5CA2C100D387C3 /* xiaoyaodejinsechengbao.txt */; };
		CE6F3EF01B5CA2C100D387C3 /* zuishuxidemoshengren.txt in Resources */ = {isa = PBXBuildFile; fileRef = CE6F3EDF1B5CA2C100D387C3 /* zuishuxidemoshengren.txt */; };
		CE6F3EF11B5CA2C100D387C3 /* zuoer.txt in Resources */ = {isa = PBXBuildFile; fileRef = CE6F3EE01B5CA2C100D387C3 /* zuoer.txt */; };
		CE6F3EF21B5CA2C100D387C3 /* zuoerzhongjie.txt in Resources */ = {isa = PBXBuildFile; fileRef = CE6F3EE11B5CA2C100D387C3 /* zuoerzhongjie.txt */; };
		CEA29C9C1B5F20F700BCF8D6 /* PCReaderViewController.m in Sources */ = {isa = PBXBuildFile; fileRef = CEA29C971B5F20F700BCF8D6 /* PCReaderViewController.m */; };
		CEA29C9D1B5F20F700BCF8D6 /* PCDataViewController.m in Sources */ = {isa = PBXBuildFile; fileRef = CEA29C991B5F20F700BCF8D6 /* PCDataViewController.m */; };
		CEA29C9E1B5F20F700BCF8D6 /* PCModelViewController.m in Sources */ = {isa = PBXBuildFile; fileRef = CEA29C9B1B5F20F700BCF8D6 /* PCModelViewController.m */; };
		CEA29CA11B5F211C00BCF8D6 /* PCGlobalModel.m in Sources */ = {isa = PBXBuildFile; fileRef = CEA29CA01B5F211C00BCF8D6 /* PCGlobalModel.m */; };
		CEA29CA41B5F214900BCF8D6 /* PCPageView.m in Sources */ = {isa = PBXBuildFile; fileRef = CEA29CA31B5F214900BCF8D6 /* PCPageView.m */; };
		CEA29CA71B5F474600BCF8D6 /* ReadMark.m in Sources */ = {isa = PBXBuildFile; fileRef = CEA29CA61B5F474600BCF8D6 /* ReadMark.m */; };
		CECAC1791B5E1BB60012C30F /* NSString+DJPaging.m in Sources */ = {isa = PBXBuildFile; fileRef = CECAC1781B5E1BB60012C30F /* NSString+DJPaging.m */; };
/* End PBXBuildFile section */

/* Begin PBXContainerItemProxy section */
		CE6F3E981B5C85E700D387C3 /* PBXContainerItemProxy */ = {
			isa = PBXContainerItemProxy;
			containerPortal = CE6F3E761B5C85E600D387C3 /* Project object */;
			proxyType = 1;
			remoteGlobalIDString = CE6F3E7D1B5C85E700D387C3;
			remoteInfo = DJBookReader;
		};
/* End PBXContainerItemProxy section */

/* Begin PBXFileReference section */
		CE6F3E7E1B5C85E700D387C3 /* DJBookReader.app */ = {isa = PBXFileReference; explicitFileType = wrapper.application; includeInIndex = 0; path = DJBookReader.app; sourceTree = BUILT_PRODUCTS_DIR; };
		CE6F3E821B5C85E700D387C3 /* Info.plist */ = {isa = PBXFileReference; lastKnownFileType = text.plist.xml; path = Info.plist; sourceTree = "<group>"; };
		CE6F3E831B5C85E700D387C3 /* main.m */ = {isa = PBXFileReference; lastKnownFileType = sourcecode.c.objc; path = main.m; sourceTree = "<group>"; };
		CE6F3E851B5C85E700D387C3 /* AppDelegate.h */ = {isa = PBXFileReference; lastKnownFileType = sourcecode.c.h; path = AppDelegate.h; sourceTree = "<group>"; };
		CE6F3E861B5C85E700D387C3 /* AppDelegate.m */ = {isa = PBXFileReference; lastKnownFileType = sourcecode.c.objc; path = AppDelegate.m; sourceTree = "<group>"; };
		CE6F3E881B5C85E700D387C3 /* ViewController.h */ = {isa = PBXFileReference; lastKnownFileType = sourcecode.c.h; path = ViewController.h; sourceTree = "<group>"; };
		CE6F3E891B5C85E700D387C3 /* ViewController.m */ = {isa = PBXFileReference; lastKnownFileType = sourcecode.c.objc; path = ViewController.m; sourceTree = "<group>"; };
		CE6F3E8C1B5C85E700D387C3 /* Base */ = {isa = PBXFileReference; lastKnownFileType = file.storyboard; name = Base; path = Base.lproj/Main.storyboard; sourceTree = "<group>"; };
		CE6F3E8E1B5C85E700D387C3 /* Images.xcassets */ = {isa = PBXFileReference; lastKnownFileType = folder.assetcatalog; path = Images.xcassets; sourceTree = "<group>"; };
		CE6F3E911B5C85E700D387C3 /* Base */ = {isa = PBXFileReference; lastKnownFileType = file.xib; name = Base; path = Base.lproj/LaunchScreen.xib; sourceTree = "<group>"; };
		CE6F3E971B5C85E700D387C3 /* DJBookReaderTests.xctest */ = {isa = PBXFileReference; explicitFileType = wrapper.cfbundle; includeInIndex = 0; path = DJBookReaderTests.xctest; sourceTree = BUILT_PRODUCTS_DIR; };
		CE6F3E9C1B5C85E700D387C3 /* Info.plist */ = {isa = PBXFileReference; lastKnownFileType = text.plist.xml; path = Info.plist; sourceTree = "<group>"; };
		CE6F3E9D1B5C85E700D387C3 /* DJBookReaderTests.m */ = {isa = PBXFileReference; lastKnownFileType = sourcecode.c.objc; path = DJBookReaderTests.m; sourceTree = "<group>"; };
		CE6F3EA71B5C89CF00D387C3 /* BookCell.h */ = {isa = PBXFileReference; fileEncoding = 4; lastKnownFileType = sourcecode.c.h; path = BookCell.h; sourceTree = "<group>"; };
		CE6F3EA81B5C89CF00D387C3 /* BookCell.m */ = {isa = PBXFileReference; fileEncoding = 4; lastKnownFileType = sourcecode.c.objc; path = BookCell.m; sourceTree = "<group>"; };
		CE6F3EAB1B5C8FCC00D387C3 /* aizaixianjingderizi.jpeg */ = {isa = PBXFileReference; lastKnownFileType = image.jpeg; path = aizaixianjingderizi.jpeg; sourceTree = "<group>"; };
		CE6F3EAC1B5C8FCC00D387C3 /* anshizhangda.jpeg */ = {isa = PBXFileReference; lastKnownFileType = image.jpeg; path = anshizhangda.jpeg; sourceTree = "<group>"; };
		CE6F3EAD1B5C8FCC00D387C3 /* bubizhidaowoshishui.jpeg */ = {isa = PBXFileReference; lastKnownFileType = image.jpeg; path = bubizhidaowoshishui.jpeg; sourceTree = "<group>"; };
		CE6F3EAE1B5C8FCC00D387C3 /* dangnigudannihuixiangqishui.jpeg */ = {isa = PBXFileReference; lastKnownFileType = image.jpeg; path = dangnigudannihuixiangqishui.jpeg; sourceTree = "<group>"; };
		CE6F3EAF1B5C8FCC00D387C3 /* hudielaiguozheshijie.jpeg */ = {isa = PBXFileReference; lastKnownFileType = image.jpeg; path = hudielaiguozheshijie.jpeg; sourceTree = "<group>"; };
		CE6F3EB01B5C8FCC00D387C3 /* liaiyigeIDdejuli.jpeg */ = {isa = PBXFileReference; lastKnownFileType = image.jpeg; path = liaiyigeIDdejuli.jpeg; sourceTree = "<group>"; };
		CE6F3EB11B5C8FCC00D387C3 /* shalou.jpeg */ = {isa = PBXFileReference; lastKnownFileType = image.jpeg; path = shalou.jpeg; sourceTree = "<group>"; };
		CE6F3EB21B5C8FCC00D387C3 /* shinian.jpeg */ = {isa = PBXFileReference; lastKnownFileType = image.jpeg; path = shinian.jpeg; sourceTree = "<group>"; };
		CE6F3EB31B5C8FCC00D387C3 /* tangyi.jpeg */ = {isa = PBXFileReference; lastKnownFileType = image.jpeg; path = tangyi.jpeg; sourceTree = "<group>"; };
		CE6F3EB41B5C8FCC00D387C3 /* tiaopin.jpeg */ = {isa = PBXFileReference; lastKnownFileType = image.jpeg; path = tiaopin.jpeg; sourceTree = "<group>"; };
		CE6F3EB51B5C8FCC00D387C3 /* wobushinideyuanjia.jpeg */ = {isa = PBXFileReference; lastKnownFileType = image.jpeg; path = wobushinideyuanjia.jpeg; sourceTree = "<group>"; };
		CE6F3EB61B5C8FCC00D387C3 /* woyaowomenzaiyiqi.jpeg */ = {isa = PBXFileReference; lastKnownFileType = image.jpeg; path = woyaowomenzaiyiqi.jpeg; sourceTree = "<group>"; };
		CE6F3EB71B5C8FCC00D387C3 /* xiaofudequnbai.jpeg */ = {isa = PBXFileReference; lastKnownFileType = image.jpeg; path = xiaofudequnbai.jpeg; sourceTree = "<group>"; };
		CE6F3EB81B5C8FCC00D387C3 /* xiaoyaodejinsechengbao.jpeg */ = {isa = PBXFileReference; lastKnownFileType = image.jpeg; path = xiaoyaodejinsechengbao.jpeg; sourceTree = "<group>"; };
		CE6F3EB91B5C8FCC00D387C3 /* zuishuxidemoshengren.jpeg */ = {isa = PBXFileReference; lastKnownFileType = image.jpeg; path = zuishuxidemoshengren.jpeg; sourceTree = "<group>"; };
		CE6F3EBA1B5C8FCC00D387C3 /* zuoer.jpg */ = {isa = PBXFileReference; lastKnownFileType = image.jpeg; path = zuoer.jpg; sourceTree = "<group>"; };
		CE6F3EBB1B5C8FCC00D387C3 /* zuoerzhongjie.jpeg */ = {isa = PBXFileReference; lastKnownFileType = image.jpeg; path = zuoerzhongjie.jpeg; sourceTree = "<group>"; };
		CE6F3ED11B5CA2C100D387C3 /* aizaixianjingderizi.txt */ = {isa = PBXFileReference; fileEncoding = 4; lastKnownFileType = text; path = aizaixianjingderizi.txt; sourceTree = "<group>"; };
		CE6F3ED21B5CA2C100D387C3 /* anshizhangda.txt */ = {isa = PBXFileReference; fileEncoding = 4; lastKnownFileType = text; path = anshizhangda.txt; sourceTree = "<group>"; };
		CE6F3ED31B5CA2C100D387C3 /* bubizhidaowoshishui.txt */ = {isa = PBXFileReference; fileEncoding = 4; lastKnownFileType = text; path = bubizhidaowoshishui.txt; sourceTree = "<group>"; };
		CE6F3ED41B5CA2C100D387C3 /* dangnigudannihuixiangqishui.txt */ = {isa = PBXFileReference; fileEncoding = 4; lastKnownFileType = text; path = dangnigudannihuixiangqishui.txt; sourceTree = "<group>"; };
		CE6F3ED51B5CA2C100D387C3 /* hudielaiguozheshijie.txt */ = {isa = PBXFileReference; fileEncoding = 4; lastKnownFileType = text; path = hudielaiguozheshijie.txt; sourceTree = "<group>"; };
		CE6F3ED61B5CA2C100D387C3 /* liaiyigeIDdejuli.txt */ = {isa = PBXFileReference; fileEncoding = 4; lastKnownFileType = text; path = liaiyigeIDdejuli.txt; sourceTree = "<group>"; };
		CE6F3ED71B5CA2C100D387C3 /* shalou.txt */ = {isa = PBXFileReference; fileEncoding = 4; lastKnownFileType = text; path = shalou.txt; sourceTree = "<group>"; };
		CE6F3ED81B5CA2C100D387C3 /* shinian.txt */ = {isa = PBXFileReference; fileEncoding = 4; lastKnownFileType = text; path = shinian.txt; sourceTree = "<group>"; };
		CE6F3ED91B5CA2C100D387C3 /* tangyi.txt */ = {isa = PBXFileReference; fileEncoding = 4; lastKnownFileType = text; path = tangyi.txt; sourceTree = "<group>"; };
		CE6F3EDA1B5CA2C100D387C3 /* tiaopin.txt */ = {isa = PBXFileReference; fileEncoding = 4; lastKnownFileType = text; path = tiaopin.txt; sourceTree = "<group>"; };
		CE6F3EDB1B5CA2C100D387C3 /* wobushinideyuanjia.txt */ = {isa = PBXFileReference; fileEncoding = 4; lastKnownFileType = text; path = wobushinideyuanjia.txt; sourceTree = "<group>"; };
		CE6F3EDC1B5CA2C100D387C3 /* woyaowomenzaiyiqi.txt */ = {isa = PBXFileReference; fileEncoding = 4; lastKnownFileType = text; path = woyaowomenzaiyiqi.txt; sourceTree = "<group>"; };
		CE6F3EDD1B5CA2C100D387C3 /* xiaofudequnbai.txt */ = {isa = PBXFileReference; fileEncoding = 4; lastKnownFileType = text; path = xiaofudequnbai.txt; sourceTree = "<group>"; };
		CE6F3EDE1B5CA2C100D387C3 /* xiaoyaodejinsechengbao.txt */ = {isa = PBXFileReference; fileEncoding = 4; lastKnownFileType = text; path = xiaoyaodejinsechengbao.txt; sourceTree = "<group>"; };
		CE6F3EDF1B5CA2C100D387C3 /* zuishuxidemoshengren.txt */ = {isa = PBXFileReference; fileEncoding = 4; lastKnownFileType = text; path = zuishuxidemoshengren.txt; sourceTree = "<group>"; };
		CE6F3EE01B5CA2C100D387C3 /* zuoer.txt */ = {isa = PBXFileReference; fileEncoding = 4; lastKnownFileType = text; path = zuoer.txt; sourceTree = "<group>"; };
		CE6F3EE11B5CA2C100D387C3 /* zuoerzhongjie.txt */ = {isa = PBXFileReference; fileEncoding = 4; lastKnownFileType = text; path = zuoerzhongjie.txt; sourceTree = "<group>"; };
		CEA29C961B5F20F700BCF8D6 /* PCReaderViewController.h */ = {isa = PBXFileReference; fileEncoding = 4; lastKnownFileType = sourcecode.c.h; name = PCReaderViewController.h; path = readers/PCReaderViewController.h; sourceTree = "<group>"; };
		CEA29C971B5F20F700BCF8D6 /* PCReaderViewController.m */ = {isa = PBXFileReference; fileEncoding = 4; lastKnownFileType = sourcecode.c.objc; name = PCReaderViewController.m; path = readers/PCReaderViewController.m; sourceTree = "<group>"; };
		CEA29C981B5F20F700BCF8D6 /* PCDataViewController.h */ = {isa = PBXFileReference; fileEncoding = 4; lastKnownFileType = sourcecode.c.h; name = PCDataViewController.h; path = readers/PCDataViewController.h; sourceTree = "<group>"; };
		CEA29C991B5F20F700BCF8D6 /* PCDataViewController.m */ = {isa = PBXFileReference; fileEncoding = 4; lastKnownFileType = sourcecode.c.objc; name = PCDataViewController.m; path = readers/PCDataViewController.m; sourceTree = "<group>"; };
		CEA29C9A1B5F20F700BCF8D6 /* PCModelViewController.h */ = {isa = PBXFileReference; fileEncoding = 4; lastKnownFileType = sourcecode.c.h; name = PCModelViewController.h; path = readers/PCModelViewController.h; sourceTree = "<group>"; };
		CEA29C9B1B5F20F700BCF8D6 /* PCModelViewController.m */ = {isa = PBXFileReference; fileEncoding = 4; lastKnownFileType = sourcecode.c.objc; name = PCModelViewController.m; path = readers/PCModelViewController.m; sourceTree = "<group>"; };
		CEA29C9F1B5F211C00BCF8D6 /* PCGlobalModel.h */ = {isa = PBXFileReference; fileEncoding = 4; lastKnownFileType = sourcecode.c.h; path = PCGlobalModel.h; sourceTree = "<group>"; };
		CEA29CA01B5F211C00BCF8D6 /* PCGlobalModel.m */ = {isa = PBXFileReference; fileEncoding = 4; lastKnownFileType = sourcecode.c.objc; path = PCGlobalModel.m; sourceTree = "<group>"; };
		CEA29CA21B5F214900BCF8D6 /* PCPageView.h */ = {isa = PBXFileReference; fileEncoding = 4; lastKnownFileType = sourcecode.c.h; path = PCPageView.h; sourceTree = "<group>"; };
		CEA29CA31B5F214900BCF8D6 /* PCPageView.m */ = {isa = PBXFileReference; fileEncoding = 4; lastKnownFileType = sourcecode.c.objc; path = PCPageView.m; sourceTree = "<group>"; };
		CEA29CA51B5F474600BCF8D6 /* ReadMark.h */ = {isa = PBXFileReference; fileEncoding = 4; lastKnownFileType = sourcecode.c.h; path = ReadMark.h; sourceTree = "<group>"; };
		CEA29CA61B5F474600BCF8D6 /* ReadMark.m */ = {isa = PBXFileReference; fileEncoding = 4; lastKnownFileType = sourcecode.c.objc; path = ReadMark.m; sourceTree = "<group>"; };
		CECAC1771B5E1BB60012C30F /* NSString+DJPaging.h */ = {isa = PBXFileReference; fileEncoding = 4; lastKnownFileType = sourcecode.c.h; path = "NSString+DJPaging.h"; sourceTree = "<group>"; };
		CECAC1781B5E1BB60012C30F /* NSString+DJPaging.m */ = {isa = PBXFileReference; fileEncoding = 4; lastKnownFileType = sourcecode.c.objc; path = "NSString+DJPaging.m"; sourceTree = "<group>"; };
/* End PBXFileReference section */

/* Begin PBXFrameworksBuildPhase section */
		CE6F3E7B1B5C85E700D387C3 /* Frameworks */ = {
			isa = PBXFrameworksBuildPhase;
			buildActionMask = 2147483647;
			files = (
			);
			runOnlyForDeploymentPostprocessing = 0;
		};
		CE6F3E941B5C85E700D387C3 /* Frameworks */ = {
			isa = PBXFrameworksBuildPhase;
			buildActionMask = 2147483647;
			files = (
			);
			runOnlyForDeploymentPostprocessing = 0;
		};
/* End PBXFrameworksBuildPhase section */

/* Begin PBXGroup section */
		CE6F3E751B5C85E600D387C3 = {
			isa = PBXGroup;
			children = (
				CE6F3E801B5C85E700D387C3 /* DJBookReader */,
				CE6F3E9A1B5C85E700D387C3 /* DJBookReaderTests */,
				CE6F3E7F1B5C85E700D387C3 /* Products */,
			);
			sourceTree = "<group>";
		};
		CE6F3E7F1B5C85E700D387C3 /* Products */ = {
			isa = PBXGroup;
			children = (
				CE6F3E7E1B5C85E700D387C3 /* DJBookReader.app */,
				CE6F3E971B5C85E700D387C3 /* DJBookReaderTests.xctest */,
			);
			name = Products;
			sourceTree = "<group>";
		};
		CE6F3E801B5C85E700D387C3 /* DJBookReader */ = {
			isa = PBXGroup;
			children = (
				CECAC17A1B5E25D80012C30F /* Model */,
				CECAC1761B5E1B7F0012C30F /* Category */,
				CECAC1751B5E1B100012C30F /* Others */,
				CECAC1741B5E1AEB0012C30F /* View */,
				CECAC1731B5E1AC20012C30F /* Controller */,
				CE6F3E8B1B5C85E700D387C3 /* Main.storyboard */,
				CE6F3E8E1B5C85E700D387C3 /* Images.xcassets */,
				CE6F3E901B5C85E700D387C3 /* LaunchScreen.xib */,
				CE6F3E811B5C85E700D387C3 /* Supporting Files */,
			);
			path = DJBookReader;
			sourceTree = "<group>";
		};
		CE6F3E811B5C85E700D387C3 /* Supporting Files */ = {
			isa = PBXGroup;
			children = (
				CE6F3ED01B5CA2C100D387C3 /* rao */,
				CE6F3EAA1B5C8FCC00D387C3 /* book */,
				CE6F3E821B5C85E700D387C3 /* Info.plist */,
				CE6F3E831B5C85E700D387C3 /* main.m */,
			);
			name = "Supporting Files";
			sourceTree = "<group>";
		};
		CE6F3E9A1B5C85E700D387C3 /* DJBookReaderTests */ = {
			isa = PBXGroup;
			children = (
				CE6F3E9D1B5C85E700D387C3 /* DJBookReaderTests.m */,
				CE6F3E9B1B5C85E700D387C3 /* Supporting Files */,
			);
			path = DJBookReaderTests;
			sourceTree = "<group>";
		};
		CE6F3E9B1B5C85E700D387C3 /* Supporting Files */ = {
			isa = PBXGroup;
			children = (
				CE6F3E9C1B5C85E700D387C3 /* Info.plist */,
			);
			name = "Supporting Files";
			sourceTree = "<group>";
		};
		CE6F3EAA1B5C8FCC00D387C3 /* book */ = {
			isa = PBXGroup;
			children = (
				CE6F3EAB1B5C8FCC00D387C3 /* aizaixianjingderizi.jpeg */,
				CE6F3EAC1B5C8FCC00D387C3 /* anshizhangda.jpeg */,
				CE6F3EAD1B5C8FCC00D387C3 /* bubizhidaowoshishui.jpeg */,
				CE6F3EAE1B5C8FCC00D387C3 /* dangnigudannihuixiangqishui.jpeg */,
				CE6F3EAF1B5C8FCC00D387C3 /* hudielaiguozheshijie.jpeg */,
				CE6F3EB01B5C8FCC00D387C3 /* liaiyigeIDdejuli.jpeg */,
				CE6F3EB11B5C8FCC00D387C3 /* shalou.jpeg */,
				CE6F3EB21B5C8FCC00D387C3 /* shinian.jpeg */,
				CE6F3EB31B5C8FCC00D387C3 /* tangyi.jpeg */,
				CE6F3EB41B5C8FCC00D387C3 /* tiaopin.jpeg */,
				CE6F3EB51B5C8FCC00D387C3 /* wobushinideyuanjia.jpeg */,
				CE6F3EB61B5C8FCC00D387C3 /* woyaowomenzaiyiqi.jpeg */,
				CE6F3EB71B5C8FCC00D387C3 /* xiaofudequnbai.jpeg */,
				CE6F3EB81B5C8FCC00D387C3 /* xiaoyaodejinsechengbao.jpeg */,
				CE6F3EB91B5C8FCC00D387C3 /* zuishuxidemoshengren.jpeg */,
				CE6F3EBA1B5C8FCC00D387C3 /* zuoer.jpg */,
				CE6F3EBB1B5C8FCC00D387C3 /* zuoerzhongjie.jpeg */,
			);
			path = book;
			sourceTree = "<group>";
		};
		CE6F3ED01B5CA2C100D387C3 /* rao */ = {
			isa = PBXGroup;
			children = (
				CE6F3ED11B5CA2C100D387C3 /* aizaixianjingderizi.txt */,
				CE6F3ED21B5CA2C100D387C3 /* anshizhangda.txt */,
				CE6F3ED31B5CA2C100D387C3 /* bubizhidaowoshishui.txt */,
				CE6F3ED41B5CA2C100D387C3 /* dangnigudannihuixiangqishui.txt */,
				CE6F3ED51B5CA2C100D387C3 /* hudielaiguozheshijie.txt */,
				CE6F3ED61B5CA2C100D387C3 /* liaiyigeIDdejuli.txt */,
				CE6F3ED71B5CA2C100D387C3 /* shalou.txt */,
				CE6F3ED81B5CA2C100D387C3 /* shinian.txt */,
				CE6F3ED91B5CA2C100D387C3 /* tangyi.txt */,
				CE6F3EDA1B5CA2C100D387C3 /* tiaopin.txt */,
				CE6F3EDB1B5CA2C100D387C3 /* wobushinideyuanjia.txt */,
				CE6F3EDC1B5CA2C100D387C3 /* woyaowomenzaiyiqi.txt */,
				CE6F3EDD1B5CA2C100D387C3 /* xiaofudequnbai.txt */,
				CE6F3EDE1B5CA2C100D387C3 /* xiaoyaodejinsechengbao.txt */,
				CE6F3EDF1B5CA2C100D387C3 /* zuishuxidemoshengren.txt */,
				CE6F3EE01B5CA2C100D387C3 /* zuoer.txt */,
				CE6F3EE11B5CA2C100D387C3 /* zuoerzhongjie.txt */,
			);
			path = rao;
			sourceTree = "<group>";
		};
		CECAC1731B5E1AC20012C30F /* Controller */ = {
			isa = PBXGroup;
			children = (
				CE6F3E881B5C85E700D387C3 /* ViewController.h */,
				CE6F3E891B5C85E700D387C3 /* ViewController.m */,
				CEA29C961B5F20F700BCF8D6 /* PCReaderViewController.h */,
				CEA29C971B5F20F700BCF8D6 /* PCReaderViewController.m */,
				CEA29C981B5F20F700BCF8D6 /* PCDataViewController.h */,
				CEA29C991B5F20F700BCF8D6 /* PCDataViewController.m */,
				CEA29C9A1B5F20F700BCF8D6 /* PCModelViewController.h */,
				CEA29C9B1B5F20F700BCF8D6 /* PCModelViewController.m */,
			);
			name = Controller;
			sourceTree = "<group>";
		};
		CECAC1741B5E1AEB0012C30F /* View */ = {
			isa = PBXGroup;
			children = (
				CEA29CA21B5F214900BCF8D6 /* PCPageView.h */,
				CEA29CA31B5F214900BCF8D6 /* PCPageView.m */,
				CE6F3EA71B5C89CF00D387C3 /* BookCell.h */,
				CE6F3EA81B5C89CF00D387C3 /* BookCell.m */,
			);
			name = View;
			sourceTree = "<group>";
		};
		CECAC1751B5E1B100012C30F /* Others */ = {
			isa = PBXGroup;
			children = (
				CE6F3E851B5C85E700D387C3 /* AppDelegate.h */,
				CE6F3E861B5C85E700D387C3 /* AppDelegate.m */,
			);
			name = Others;
			sourceTree = "<group>";
		};
		CECAC1761B5E1B7F0012C30F /* Category */ = {
			isa = PBXGroup;
			children = (
				CECAC1771B5E1BB60012C30F /* NSString+DJPaging.h */,
				CECAC1781B5E1BB60012C30F /* NSString+DJPaging.m */,
			);
			name = Category;
			sourceTree = "<group>";
		};
		CECAC17A1B5E25D80012C30F /* Model */ = {
			isa = PBXGroup;
			children = (
				CEA29CA51B5F474600BCF8D6 /* ReadMark.h */,
				CEA29CA61B5F474600BCF8D6 /* ReadMark.m */,
				CEA29C9F1B5F211C00BCF8D6 /* PCGlobalModel.h */,
				CEA29CA01B5F211C00BCF8D6 /* PCGlobalModel.m */,
			);
			name = Model;
			sourceTree = "<group>";
		};
/* End PBXGroup section */

/* Begin PBXNativeTarget section */
		CE6F3E7D1B5C85E700D387C3 /* DJBookReader */ = {
			isa = PBXNativeTarget;
			buildConfigurationList = CE6F3EA11B5C85E700D387C3 /* Build configuration list for PBXNativeTarget "DJBookReader" */;
			buildPhases = (
				CE6F3E7A1B5C85E700D387C3 /* Sources */,
				CE6F3E7B1B5C85E700D387C3 /* Frameworks */,
				CE6F3E7C1B5C85E700D387C3 /* Resources */,
			);
			buildRules = (
			);
			dependencies = (
			);
			name = DJBookReader;
			productName = DJBookReader;
			productReference = CE6F3E7E1B5C85E700D387C3 /* DJBookReader.app */;
			productType = "com.apple.product-type.application";
		};
		CE6F3E961B5C85E700D387C3 /* DJBookReaderTests */ = {
			isa = PBXNativeTarget;
			buildConfigurationList = CE6F3EA41B5C85E700D387C3 /* Build configuration list for PBXNativeTarget "DJBookReaderTests" */;
			buildPhases = (
				CE6F3E931B5C85E700D387C3 /* Sources */,
				CE6F3E941B5C85E700D387C3 /* Frameworks */,
				CE6F3E951B5C85E700D387C3 /* Resources */,
			);
			buildRules = (
			);
			dependencies = (
				CE6F3E991B5C85E700D387C3 /* PBXTargetDependency */,
			);
			name = DJBookReaderTests;
			productName = DJBookReaderTests;
			productReference = CE6F3E971B5C85E700D387C3 /* DJBookReaderTests.xctest */;
			productType = "com.apple.product-type.bundle.unit-test";
		};
/* End PBXNativeTarget section */

/* Begin PBXProject section */
		CE6F3E761B5C85E600D387C3 /* Project object */ = {
			isa = PBXProject;
			attributes = {
				LastUpgradeCheck = 0600;
				ORGANIZATIONNAME = dingjian;
				TargetAttributes = {
					CE6F3E7D1B5C85E700D387C3 = {
						CreatedOnToolsVersion = 6.0.1;
					};
					CE6F3E961B5C85E700D387C3 = {
						CreatedOnToolsVersion = 6.0.1;
						TestTargetID = CE6F3E7D1B5C85E700D387C3;
					};
				};
			};
			buildConfigurationList = CE6F3E791B5C85E600D387C3 /* Build configuration list for PBXProject "DJBookReader" */;
			compatibilityVersion = "Xcode 3.2";
			developmentRegion = English;
			hasScannedForEncodings = 0;
			knownRegions = (
				en,
				Base,
			);
			mainGroup = CE6F3E751B5C85E600D387C3;
			productRefGroup = CE6F3E7F1B5C85E700D387C3 /* Products */;
			projectDirPath = "";
			projectRoot = "";
			targets = (
				CE6F3E7D1B5C85E700D387C3 /* DJBookReader */,
				CE6F3E961B5C85E700D387C3 /* DJBookReaderTests */,
			);
		};
/* End PBXProject section */

/* Begin PBXResourcesBuildPhase section */
		CE6F3E7C1B5C85E700D387C3 /* Resources */ = {
			isa = PBXResourcesBuildPhase;
			buildActionMask = 2147483647;
			files = (
				CE6F3EC01B5C8FCC00D387C3 /* hudielaiguozheshijie.jpeg in Resources */,
				CE6F3EF21B5CA2C100D387C3 /* zuoerzhongjie.txt in Resources */,
				CE6F3EC61B5C8FCC00D387C3 /* wobushinideyuanjia.jpeg in Resources */,
				CE6F3E8D1B5C85E700D387C3 /* Main.storyboard in Resources */,
				CE6F3EE91B5CA2C100D387C3 /* shinian.txt in Resources */,
				CE6F3EEC1B5CA2C100D387C3 /* wobushinideyuanjia.txt in Resources */,
				CE6F3EBF1B5C8FCC00D387C3 /* dangnigudannihuixiangqishui.jpeg in Resources */,
				CE6F3EC91B5C8FCC00D387C3 /* xiaoyaodejinsechengbao.jpeg in Resources */,
				CE6F3EC41B5C8FCC00D387C3 /* tangyi.jpeg in Resources */,
				CE6F3ECB1B5C8FCC00D387C3 /* zuoer.jpg in Resources */,
				CE6F3EC71B5C8FCC00D387C3 /* woyaowomenzaiyiqi.jpeg in Resources */,
				CE6F3EEE1B5CA2C100D387C3 /* xiaofudequnbai.txt in Resources */,
				CE6F3EE61B5CA2C100D387C3 /* hudielaiguozheshijie.txt in Resources */,
				CE6F3EC21B5C8FCC00D387C3 /* shalou.jpeg in Resources */,
				CE6F3ECC1B5C8FCC00D387C3 /* zuoerzhongjie.jpeg in Resources */,
				CE6F3EE31B5CA2C100D387C3 /* anshizhangda.txt in Resources */,
				CE6F3EC31B5C8FCC00D387C3 /* shinian.jpeg in Resources */,
				CE6F3EF11B5CA2C100D387C3 /* zuoer.txt in Resources */,
				CE6F3EEA1B5CA2C100D387C3 /* tangyi.txt in Resources */,
				CE6F3EEF1B5CA2C100D387C3 /* xiaoyaodejinsechengbao.txt in Resources */,
				CE6F3EE51B5CA2C100D387C3 /* dangnigudannihuixiangqishui.txt in Resources */,
				CE6F3EC11B5C8FCC00D387C3 /* liaiyigeIDdejuli.jpeg in Resources */,
				CE6F3EE81B5CA2C100D387C3 /* shalou.txt in Resources */,
				CE6F3EE71B5CA2C100D387C3 /* liaiyigeIDdejuli.txt in Resources */,
				CE6F3EBD1B5C8FCC00D387C3 /* anshizhangda.jpeg in Resources */,
				CE6F3EBE1B5C8FCC00D387C3 /* bubizhidaowoshishui.jpeg in Resources */,
				CE6F3EBC1B5C8FCC00D387C3 /* aizaixianjingderizi.jpeg in Resources */,
				CE6F3EC81B5C8FCC00D387C3 /* xiaofudequnbai.jpeg in Resources */,
				CE6F3EED1B5CA2C100D387C3 /* woyaowomenzaiyiqi.txt in Resources */,
				CE6F3EEB1B5CA2C100D387C3 /* tiaopin.txt in Resources */,
				CE6F3EE21B5CA2C100D387C3 /* aizaixianjingderizi.txt in Resources */,
				CE6F3E921B5C85E700D387C3 /* LaunchScreen.xib in Resources */,
				CE6F3ECA1B5C8FCC00D387C3 /* zuishuxidemoshengren.jpeg in Resources */,
				CE6F3EF01B5CA2C100D387C3 /* zuishuxidemoshengren.txt in Resources */,
				CE6F3EC51B5C8FCC00D387C3 /* tiaopin.jpeg in Resources */,
				CE6F3E8F1B5C85E700D387C3 /* Images.xcassets in Resources */,
				CE6F3EE41B5CA2C100D387C3 /* bubizhidaowoshishui.txt in Resources */,
			);
			runOnlyForDeploymentPostprocessing = 0;
		};
		CE6F3E951B5C85E700D387C3 /* Resources */ = {
			isa = PBXResourcesBuildPhase;
			buildActionMask = 2147483647;
			files = (
			);
			runOnlyForDeploymentPostprocessing = 0;
		};
/* End PBXResourcesBuildPhase section */

/* Begin PBXSourcesBuildPhase section */
		CE6F3E7A1B5C85E700D387C3 /* Sources */ = {
			isa = PBXSourcesBuildPhase;
			buildActionMask = 2147483647;
			files = (
				CEA29C9C1B5F20F700BCF8D6 /* PCReaderViewController.m in Sources */,
				CEA29C9E1B5F20F700BCF8D6 /* PCModelViewController.m in Sources */,
				CE6F3EA91B5C89CF00D387C3 /* BookCell.m in Sources */,
				CEA29C9D1B5F20F700BCF8D6 /* PCDataViewController.m in Sources */,
				CECAC1791B5E1BB60012C30F /* NSString+DJPaging.m in Sources */,
				CEA29CA71B5F474600BCF8D6 /* ReadMark.m in Sources */,
				CE6F3E8A1B5C85E700D387C3 /* ViewController.m in Sources */,
				CE6F3E871B5C85E700D387C3 /* AppDelegate.m in Sources */,
				CEA29CA11B5F211C00BCF8D6 /* PCGlobalModel.m in Sources */,
				CEA29CA41B5F214900BCF8D6 /* PCPageView.m in Sources */,
				CE6F3E841B5C85E700D387C3 /* main.m in Sources */,
			);
			runOnlyForDeploymentPostprocessing = 0;
		};
		CE6F3E931B5C85E700D387C3 /* Sources */ = {
			isa = PBXSourcesBuildPhase;
			buildActionMask = 2147483647;
			files = (
				CE6F3E9E1B5C85E700D387C3 /* DJBookReaderTests.m in Sources */,
			);
			runOnlyForDeploymentPostprocessing = 0;
		};
/* End PBXSourcesBuildPhase section */

/* Begin PBXTargetDependency section */
		CE6F3E991B5C85E700D387C3 /* PBXTargetDependency */ = {
			isa = PBXTargetDependency;
			target = CE6F3E7D1B5C85E700D387C3 /* DJBookReader */;
			targetProxy = CE6F3E981B5C85E700D387C3 /* PBXContainerItemProxy */;
		};
/* End PBXTargetDependency section */

/* Begin PBXVariantGroup section */
		CE6F3E8B1B5C85E700D387C3 /* Main.storyboard */ = {
			isa = PBXVariantGroup;
			children = (
				CE6F3E8C1B5C85E700D387C3 /* Base */,
			);
			name = Main.storyboard;
			sourceTree = "<group>";
		};
		CE6F3E901B5C85E700D387C3 /* LaunchScreen.xib */ = {
			isa = PBXVariantGroup;
			children = (
				CE6F3E911B5C85E700D387C3 /* Base */,
			);
			name = LaunchScreen.xib;
			sourceTree = "<group>";
		};
/* End PBXVariantGroup section */

/* Begin XCBuildConfiguration section */
		CE6F3E9F1B5C85E700D387C3 /* Debug */ = {
			isa = XCBuildConfiguration;
			buildSettings = {
				ALWAYS_SEARCH_USER_PATHS = NO;
				CLANG_CXX_LANGUAGE_STANDARD = "gnu++0x";
				CLANG_CXX_LIBRARY = "libc++";
				CLANG_ENABLE_MODULES = YES;
				CLANG_ENABLE_OBJC_ARC = YES;
				CLANG_WARN_BOOL_CONVERSION = YES;
				CLANG_WARN_CONSTANT_CONVERSION = YES;
				CLANG_WARN_DIRECT_OBJC_ISA_USAGE = YES_ERROR;
				CLANG_WARN_EMPTY_BODY = YES;
				CLANG_WARN_ENUM_CONVERSION = YES;
				CLANG_WARN_INT_CONVERSION = YES;
				CLANG_WARN_OBJC_ROOT_CLASS = YES_ERROR;
				CLANG_WARN_UNREACHABLE_CODE = YES;
				CLANG_WARN__DUPLICATE_METHOD_MATCH = YES;
				"CODE_SIGN_IDENTITY[sdk=iphoneos*]" = "iPhone Developer";
				COPY_PHASE_STRIP = NO;
				ENABLE_STRICT_OBJC_MSGSEND = YES;
				GCC_C_LANGUAGE_STANDARD = gnu99;
				GCC_DYNAMIC_NO_PIC = NO;
				GCC_OPTIMIZATION_LEVEL = 0;
				GCC_PREPROCESSOR_DEFINITIONS = (
					"DEBUG=1",
					"$(inherited)",
				);
				GCC_SYMBOLS_PRIVATE_EXTERN = NO;
				GCC_WARN_64_TO_32_BIT_CONVERSION = YES;
				GCC_WARN_ABOUT_RETURN_TYPE = YES_ERROR;
				GCC_WARN_UNDECLARED_SELECTOR = YES;
				GCC_WARN_UNINITIALIZED_AUTOS = YES_AGGRESSIVE;
				GCC_WARN_UNUSED_FUNCTION = YES;
				GCC_WARN_UNUSED_VARIABLE = YES;
				IPHONEOS_DEPLOYMENT_TARGET = 8.0;
				MTL_ENABLE_DEBUG_INFO = YES;
				ONLY_ACTIVE_ARCH = YES;
				SDKROOT = iphoneos;
				TARGETED_DEVICE_FAMILY = "1,2";
			};
			name = Debug;
		};
		CE6F3EA01B5C85E700D387C3 /* Release */ = {
			isa = XCBuildConfiguration;
			buildSettings = {
				ALWAYS_SEARCH_USER_PATHS = NO;
				CLANG_CXX_LANGUAGE_STANDARD = "gnu++0x";
				CLANG_CXX_LIBRARY = "libc++";
				CLANG_ENABLE_MODULES = YES;
				CLANG_ENABLE_OBJC_ARC = YES;
				CLANG_WARN_BOOL_CONVERSION = YES;
				CLANG_WARN_CONSTANT_CONVERSION = YES;
				CLANG_WARN_DIRECT_OBJC_ISA_USAGE = YES_ERROR;
				CLANG_WARN_EMPTY_BODY = YES;
				CLANG_WARN_ENUM_CONVERSION = YES;
				CLANG_WARN_INT_CONVERSION = YES;
				CLANG_WARN_OBJC_ROOT_CLASS = YES_ERROR;
				CLANG_WARN_UNREACHABLE_CODE = YES;
				CLANG_WARN__DUPLICATE_METHOD_MATCH = YES;
				"CODE_SIGN_IDENTITY[sdk=iphoneos*]" = "iPhone Developer";
				COPY_PHASE_STRIP = YES;
				ENABLE_NS_ASSERTIONS = NO;
				ENABLE_STRICT_OBJC_MSGSEND = YES;
				GCC_C_LANGUAGE_STANDARD = gnu99;
				GCC_WARN_64_TO_32_BIT_CONVERSION = YES;
				GCC_WARN_ABOUT_RETURN_TYPE = YES_ERROR;
				GCC_WARN_UNDECLARED_SELECTOR = YES;
				GCC_WARN_UNINITIALIZED_AUTOS = YES_AGGRESSIVE;
				GCC_WARN_UNUSED_FUNCTION = YES;
				GCC_WARN_UNUSED_VARIABLE = YES;
				IPHONEOS_DEPLOYMENT_TARGET = 8.0;
				MTL_ENABLE_DEBUG_INFO = NO;
				SDKROOT = iphoneos;
				TARGETED_DEVICE_FAMILY = "1,2";
				VALIDATE_PRODUCT = YES;
			};
			name = Release;
		};
		CE6F3EA21B5C85E700D387C3 /* Debug */ = {
			isa = XCBuildConfiguration;
			buildSettings = {
				ASSETCATALOG_COMPILER_APPICON_NAME = AppIcon;
				INFOPLIST_FILE = DJBookReader/Info.plist;
				LD_RUNPATH_SEARCH_PATHS = "$(inherited) @executable_path/Frameworks";
				PRODUCT_NAME = "$(TARGET_NAME)";
			};
			name = Debug;
		};
		CE6F3EA31B5C85E700D387C3 /* Release */ = {
			isa = XCBuildConfiguration;
			buildSettings = {
				ASSETCATALOG_COMPILER_APPICON_NAME = AppIcon;
				INFOPLIST_FILE = DJBookReader/Info.plist;
				LD_RUNPATH_SEARCH_PATHS = "$(inherited) @executable_path/Frameworks";
				PRODUCT_NAME = "$(TARGET_NAME)";
			};
			name = Release;
		};
		CE6F3EA51B5C85E700D387C3 /* Debug */ = {
			isa = XCBuildConfiguration;
			buildSettings = {
				BUNDLE_LOADER = "$(TEST_HOST)";
				FRAMEWORK_SEARCH_PATHS = (
					"$(SDKROOT)/Developer/Library/Frameworks",
					"$(inherited)",
				);
				GCC_PREPROCESSOR_DEFINITIONS = (
					"DEBUG=1",
					"$(inherited)",
				);
				INFOPLIST_FILE = DJBookReaderTests/Info.plist;
				LD_RUNPATH_SEARCH_PATHS = "$(inherited) @executable_path/Frameworks @loader_path/Frameworks";
				PRODUCT_NAME = "$(TARGET_NAME)";
				TEST_HOST = "$(BUILT_PRODUCTS_DIR)/DJBookReader.app/DJBookReader";
			};
			name = Debug;
		};
		CE6F3EA61B5C85E700D387C3 /* Release */ = {
			isa = XCBuildConfiguration;
			buildSettings = {
				BUNDLE_LOADER = "$(TEST_HOST)";
				FRAMEWORK_SEARCH_PATHS = (
					"$(SDKROOT)/Developer/Library/Frameworks",
					"$(inherited)",
				);
				INFOPLIST_FILE = DJBookReaderTests/Info.plist;
				LD_RUNPATH_SEARCH_PATHS = "$(inherited) @executable_path/Frameworks @loader_path/Frameworks";
				PRODUCT_NAME = "$(TARGET_NAME)";
				TEST_HOST = "$(BUILT_PRODUCTS_DIR)/DJBookReader.app/DJBookReader";
			};
			name = Release;
		};
/* End XCBuildConfiguration section */

/* Begin XCConfigurationList section */
		CE6F3E791B5C85E600D387C3 /* Build configuration list for PBXProject "DJBookReader" */ = {
			isa = XCConfigurationList;
			buildConfigurations = (
				CE6F3E9F1B5C85E700D387C3 /* Debug */,
				CE6F3EA01B5C85E700D387C3 /* Release */,
			);
			defaultConfigurationIsVisible = 0;
			defaultConfigurationName = Release;
		};
		CE6F3EA11B5C85E700D387C3 /* Build configuration list for PBXNativeTarget "DJBookReader" */ = {
			isa = XCConfigurationList;
			buildConfigurations = (
				CE6F3EA21B5C85E700D387C3 /* Debug */,
				CE6F3EA31B5C85E700D387C3 /* Release */,
			);
			defaultConfigurationIsVisible = 0;
			defaultConfigurationName = Release;
		};
		CE6F3EA41B5C85E700D387C3 /* Build configuration list for PBXNativeTarget "DJBookReaderTests" */ = {
			isa = XCConfigurationList;
			buildConfigurations = (
				CE6F3EA51B5C85E700D387C3 /* Debug */,
				CE6F3EA61B5C85E700D387C3 /* Release */,
			);
			defaultConfigurationIsVisible = 0;
			defaultConfigurationName = Release;
		};
/* End XCConfigurationList section */
	};
	rootObject = CE6F3E761B5C85E600D387C3 /* Project object */;
}
